// !$*UTF8*$!
{
	archiveVersion = 1;
	classes = {
	};
	objectVersion = 46;
	objects = {

/* Begin PBXBuildFile section */
		8C30C0F91AE71DCE0008C943 /* assignValues.c in Sources */ = {isa = PBXBuildFile; fileRef = 8C30C0D81AE71DCE0008C943 /* assignValues.c */; };
		8C30C0FA1AE71DCE0008C943 /* basementRockSurf.c in Sources */ = {isa = PBXBuildFile; fileRef = 8C30C0D91AE71DCE0008C943 /* basementRockSurf.c */; };
		8C30C0FB1AE71DCE0008C943 /* basinSubModels.c in Sources */ = {isa = PBXBuildFile; fileRef = 8C30C0DA1AE71DCE0008C943 /* basinSubModels.c */; };
		8C30C0FC1AE71DCE0008C943 /* calculateSurfaceLatLonIndex.c in Sources */ = {isa = PBXBuildFile; fileRef = 8C30C0DB1AE71DCE0008C943 /* calculateSurfaceLatLonIndex.c */; };
		8C30C0FD1AE71DCE0008C943 /* determineIfWithinBasinLatLon.c in Sources */ = {isa = PBXBuildFile; fileRef = 8C30C0DC1AE71DCE0008C943 /* determineIfWithinBasinLatLon.c */; };
		8C30C0FE1AE71DCE0008C943 /* determineSurfaceDepths.c in Sources */ = {isa = PBXBuildFile; fileRef = 8C30C0DD1AE71DCE0008C943 /* determineSurfaceDepths.c */; };
		8C30C0FF1AE71DCE0008C943 /* enforceSurfaceDepths.c in Sources */ = {isa = PBXBuildFile; fileRef = 8C30C0DE1AE71DCE0008C943 /* enforceSurfaceDepths.c */; };
		8C30C1001AE71DCE0008C943 /* EPtomo2010subMod.c in Sources */ = {isa = PBXBuildFile; fileRef = 8C30C0DF1AE71DCE0008C943 /* EPtomo2010subMod.c */; };
		8C30C1011AE71DCE0008C943 /* findAdjacentPoints.c in Sources */ = {isa = PBXBuildFile; fileRef = 8C30C0E01AE71DCE0008C943 /* findAdjacentPoints.c */; };
		8C30C1021AE71DCE0008C943 /* findSubVeloModelInd.c in Sources */ = {isa = PBXBuildFile; fileRef = 8C30C0E11AE71DCE0008C943 /* findSubVeloModelInd.c */; };
		8C30C1031AE71DCE0008C943 /* generateLatLonForPlotting.c in Sources */ = {isa = PBXBuildFile; fileRef = 8C30C0E21AE71DCE0008C943 /* generateLatLonForPlotting.c */; };
		8C30C1041AE71DCE0008C943 /* generateModelGrid.c in Sources */ = {isa = PBXBuildFile; fileRef = 8C30C0E31AE71DCE0008C943 /* generateModelGrid.c */; };
		8C30C1051AE71DCE0008C943 /* generateProfile.c in Sources */ = {isa = PBXBuildFile; fileRef = 8C30C0E41AE71DCE0008C943 /* generateProfile.c */; };
		8C30C1061AE71DCE0008C943 /* generateSurfaceVectors.c in Sources */ = {isa = PBXBuildFile; fileRef = 8C30C0E51AE71DCE0008C943 /* generateSurfaceVectors.c */; };
		8C30C1071AE71DCE0008C943 /* getSurfaceValues.c in Sources */ = {isa = PBXBuildFile; fileRef = 8C30C0E61AE71DCE0008C943 /* getSurfaceValues.c */; };
		8C30C1081AE71DCE0008C943 /* getSurfSubModNames.c in Sources */ = {isa = PBXBuildFile; fileRef = 8C30C0E71AE71DCE0008C943 /* getSurfSubModNames.c */; };
		8C30C1091AE71DCE0008C943 /* linearInterpolation.c in Sources */ = {isa = PBXBuildFile; fileRef = 8C30C0E81AE71DCE0008C943 /* linearInterpolation.c */; };
		8C30C10A1AE71DCE0008C943 /* load1dVeloSubModel.c in Sources */ = {isa = PBXBuildFile; fileRef = 8C30C0E91AE71DCE0008C943 /* load1dVeloSubModel.c */; };
		8C30C10B1AE71DCE0008C943 /* loadBasins.c in Sources */ = {isa = PBXBuildFile; fileRef = 8C30C0EA1AE71DCE0008C943 /* loadBasins.c */; };
		8C30C10C1AE71DCE0008C943 /* loadBoundary.c in Sources */ = {isa = PBXBuildFile; fileRef = 8C30C0EB1AE71DCE0008C943 /* loadBoundary.c */; };
		8C30C10D1AE71DCE0008C943 /* loadCanterburyBasin.c in Sources */ = {isa = PBXBuildFile; fileRef = 8C30C0EC1AE71DCE0008C943 /* loadCanterburyBasin.c */; };
		8C30C10E1AE71DCE0008C943 /* loadSurface.c in Sources */ = {isa = PBXBuildFile; fileRef = 8C30C0ED1AE71DCE0008C943 /* loadSurface.c */; };
		8C30C10F1AE71DCE0008C943 /* main.c in Sources */ = {isa = PBXBuildFile; fileRef = 8C30C0EE1AE71DCE0008C943 /* main.c */; };
		8C30C1101AE71DCE0008C943 /* mathFunctions.c in Sources */ = {isa = PBXBuildFile; fileRef = 8C30C0EF1AE71DCE0008C943 /* mathFunctions.c */; };
		8C30C1111AE71DCE0008C943 /* NaNsubMod.c in Sources */ = {isa = PBXBuildFile; fileRef = 8C30C0F01AE71DCE0008C943 /* NaNsubMod.c */; };
		8C30C1121AE71DCE0008C943 /* negInfSurf.c in Sources */ = {isa = PBXBuildFile; fileRef = 8C30C0F11AE71DCE0008C943 /* negInfSurf.c */; };
		8C30C1131AE71DCE0008C943 /* plotExtracts.c in Sources */ = {isa = PBXBuildFile; fileRef = 8C30C0F21AE71DCE0008C943 /* plotExtracts.c */; };
		8C30C1141AE71DCE0008C943 /* pointInPoly.c in Sources */ = {isa = PBXBuildFile; fileRef = 8C30C0F31AE71DCE0008C943 /* pointInPoly.c */; };
		8C30C1151AE71DCE0008C943 /* posInfSurf.c in Sources */ = {isa = PBXBuildFile; fileRef = 8C30C0F41AE71DCE0008C943 /* posInfSurf.c */; };
		8C30C1161AE71DCE0008C943 /* sliceFunctions.c in Sources */ = {isa = PBXBuildFile; fileRef = 8C30C0F51AE71DCE0008C943 /* sliceFunctions.c */; };
		8C30C1171AE71DCE0008C943 /* v1DsubMod.c in Sources */ = {isa = PBXBuildFile; fileRef = 8C30C0F61AE71DCE0008C943 /* v1DsubMod.c */; };
		8C30C1181AE71DCE0008C943 /* writeCVMData.c in Sources */ = {isa = PBXBuildFile; fileRef = 8C30C0F71AE71DCE0008C943 /* writeCVMData.c */; };
		8C30C1191AE71DCE0008C943 /* writeLatLonData.c in Sources */ = {isa = PBXBuildFile; fileRef = 8C30C0F81AE71DCE0008C943 /* writeLatLonData.c */; };
		8C30C1261AE8C6FC0008C943 /* BrocherCorrelations.c in Sources */ = {isa = PBXBuildFile; fileRef = 8C30C1251AE8C6FC0008C943 /* BrocherCorrelations.c */; };
		8C57A0E51B1D7A0700AB096A /* findClosestPoint.c in Sources */ = {isa = PBXBuildFile; fileRef = 8C57A0E41B1D7A0700AB096A /* findClosestPoint.c */; };
		8CC060631B38DCF50008865B /* writeLogFiles.c in Sources */ = {isa = PBXBuildFile; fileRef = 8CC060621B38DCF50008865B /* writeLogFiles.c */; };
		8CC060651B38F2270008865B /* readSliceParameters.c in Sources */ = {isa = PBXBuildFile; fileRef = 8CC060641B38F2270008865B /* readSliceParameters.c */; };
		8CCF2F7E1B005DB700ED990E /* writeGridPoints.c in Sources */ = {isa = PBXBuildFile; fileRef = 8CCF2F7D1B005DB700ED990E /* writeGridPoints.c */; };
/* End PBXBuildFile section */

/* Begin PBXCopyFilesBuildPhase section */
		8C1F22601952831A00D51835 /* CopyFiles */ = {
			isa = PBXCopyFilesBuildPhase;
			buildActionMask = 2147483647;
			dstPath = /usr/share/man/man1/;
			dstSubfolderSpec = 0;
			files = (
			);
			runOnlyForDeploymentPostprocessing = 1;
		};
/* End PBXCopyFilesBuildPhase section */

/* Begin PBXFileReference section */
		8C19E2A91B09AADD0076C619 /* constants.h */ = {isa = PBXFileReference; lastKnownFileType = sourcecode.c.h; path = constants.h; sourceTree = "<group>"; };
		8C19E2AA1B09AADD0076C619 /* functions.h */ = {isa = PBXFileReference; lastKnownFileType = sourcecode.c.h; path = functions.h; sourceTree = "<group>"; };
		8C19E2AB1B09AADD0076C619 /* structs.h */ = {isa = PBXFileReference; lastKnownFileType = sourcecode.c.h; path = structs.h; sourceTree = "<group>"; };
		8C1F22621952831A00D51835 /* CVMversions */ = {isa = PBXFileReference; explicitFileType = "compiled.mach-o.executable"; includeInIndex = 0; path = CVMversions; sourceTree = BUILT_PRODUCTS_DIR; };
		8C30C0D81AE71DCE0008C943 /* assignValues.c */ = {isa = PBXFileReference; fileEncoding = 4; lastKnownFileType = sourcecode.c.c; path = assignValues.c; sourceTree = "<group>"; };
		8C30C0D91AE71DCE0008C943 /* basementRockSurf.c */ = {isa = PBXFileReference; fileEncoding = 4; lastKnownFileType = sourcecode.c.c; path = basementRockSurf.c; sourceTree = "<group>"; };
		8C30C0DA1AE71DCE0008C943 /* basinSubModels.c */ = {isa = PBXFileReference; fileEncoding = 4; lastKnownFileType = sourcecode.c.c; path = basinSubModels.c; sourceTree = "<group>"; };
		8C30C0DB1AE71DCE0008C943 /* calculateSurfaceLatLonIndex.c */ = {isa = PBXFileReference; fileEncoding = 4; lastKnownFileType = sourcecode.c.c; path = calculateSurfaceLatLonIndex.c; sourceTree = "<group>"; };
		8C30C0DC1AE71DCE0008C943 /* determineIfWithinBasinLatLon.c */ = {isa = PBXFileReference; fileEncoding = 4; lastKnownFileType = sourcecode.c.c; path = determineIfWithinBasinLatLon.c; sourceTree = "<group>"; };
		8C30C0DD1AE71DCE0008C943 /* determineSurfaceDepths.c */ = {isa = PBXFileReference; fileEncoding = 4; lastKnownFileType = sourcecode.c.c; path = determineSurfaceDepths.c; sourceTree = "<group>"; };
		8C30C0DE1AE71DCE0008C943 /* enforceSurfaceDepths.c */ = {isa = PBXFileReference; fileEncoding = 4; lastKnownFileType = sourcecode.c.c; path = enforceSurfaceDepths.c; sourceTree = "<group>"; };
		8C30C0DF1AE71DCE0008C943 /* EPtomo2010subMod.c */ = {isa = PBXFileReference; fileEncoding = 4; lastKnownFileType = sourcecode.c.c; path = EPtomo2010subMod.c; sourceTree = "<group>"; };
		8C30C0E01AE71DCE0008C943 /* findAdjacentPoints.c */ = {isa = PBXFileReference; fileEncoding = 4; lastKnownFileType = sourcecode.c.c; path = findAdjacentPoints.c; sourceTree = "<group>"; };
		8C30C0E11AE71DCE0008C943 /* findSubVeloModelInd.c */ = {isa = PBXFileReference; fileEncoding = 4; lastKnownFileType = sourcecode.c.c; path = findSubVeloModelInd.c; sourceTree = "<group>"; };
		8C30C0E21AE71DCE0008C943 /* generateLatLonForPlotting.c */ = {isa = PBXFileReference; fileEncoding = 4; lastKnownFileType = sourcecode.c.c; path = generateLatLonForPlotting.c; sourceTree = "<group>"; };
		8C30C0E31AE71DCE0008C943 /* generateModelGrid.c */ = {isa = PBXFileReference; fileEncoding = 4; lastKnownFileType = sourcecode.c.c; path = generateModelGrid.c; sourceTree = "<group>"; };
		8C30C0E41AE71DCE0008C943 /* generateProfile.c */ = {isa = PBXFileReference; fileEncoding = 4; lastKnownFileType = sourcecode.c.c; path = generateProfile.c; sourceTree = "<group>"; };
		8C30C0E51AE71DCE0008C943 /* generateSurfaceVectors.c */ = {isa = PBXFileReference; fileEncoding = 4; lastKnownFileType = sourcecode.c.c; path = generateSurfaceVectors.c; sourceTree = "<group>"; };
		8C30C0E61AE71DCE0008C943 /* getSurfaceValues.c */ = {isa = PBXFileReference; fileEncoding = 4; lastKnownFileType = sourcecode.c.c; path = getSurfaceValues.c; sourceTree = "<group>"; };
		8C30C0E71AE71DCE0008C943 /* getSurfSubModNames.c */ = {isa = PBXFileReference; fileEncoding = 4; lastKnownFileType = sourcecode.c.c; path = getSurfSubModNames.c; sourceTree = "<group>"; };
		8C30C0E81AE71DCE0008C943 /* linearInterpolation.c */ = {isa = PBXFileReference; fileEncoding = 4; lastKnownFileType = sourcecode.c.c; path = linearInterpolation.c; sourceTree = "<group>"; };
		8C30C0E91AE71DCE0008C943 /* load1dVeloSubModel.c */ = {isa = PBXFileReference; fileEncoding = 4; lastKnownFileType = sourcecode.c.c; path = load1dVeloSubModel.c; sourceTree = "<group>"; };
		8C30C0EA1AE71DCE0008C943 /* loadBasins.c */ = {isa = PBXFileReference; fileEncoding = 4; lastKnownFileType = sourcecode.c.c; path = loadBasins.c; sourceTree = "<group>"; };
		8C30C0EB1AE71DCE0008C943 /* loadBoundary.c */ = {isa = PBXFileReference; fileEncoding = 4; lastKnownFileType = sourcecode.c.c; path = loadBoundary.c; sourceTree = "<group>"; };
		8C30C0EC1AE71DCE0008C943 /* loadCanterburyBasin.c */ = {isa = PBXFileReference; fileEncoding = 4; lastKnownFileType = sourcecode.c.c; path = loadCanterburyBasin.c; sourceTree = "<group>"; };
		8C30C0ED1AE71DCE0008C943 /* loadSurface.c */ = {isa = PBXFileReference; fileEncoding = 4; lastKnownFileType = sourcecode.c.c; path = loadSurface.c; sourceTree = "<group>"; };
		8C30C0EE1AE71DCE0008C943 /* main.c */ = {isa = PBXFileReference; fileEncoding = 4; lastKnownFileType = sourcecode.c.c; path = main.c; sourceTree = "<group>"; };
		8C30C0EF1AE71DCE0008C943 /* mathFunctions.c */ = {isa = PBXFileReference; fileEncoding = 4; lastKnownFileType = sourcecode.c.c; path = mathFunctions.c; sourceTree = "<group>"; };
		8C30C0F01AE71DCE0008C943 /* NaNsubMod.c */ = {isa = PBXFileReference; fileEncoding = 4; lastKnownFileType = sourcecode.c.c; path = NaNsubMod.c; sourceTree = "<group>"; };
		8C30C0F11AE71DCE0008C943 /* negInfSurf.c */ = {isa = PBXFileReference; fileEncoding = 4; lastKnownFileType = sourcecode.c.c; path = negInfSurf.c; sourceTree = "<group>"; };
		8C30C0F21AE71DCE0008C943 /* plotExtracts.c */ = {isa = PBXFileReference; fileEncoding = 4; lastKnownFileType = sourcecode.c.c; path = plotExtracts.c; sourceTree = "<group>"; };
		8C30C0F31AE71DCE0008C943 /* pointInPoly.c */ = {isa = PBXFileReference; fileEncoding = 4; lastKnownFileType = sourcecode.c.c; path = pointInPoly.c; sourceTree = "<group>"; };
		8C30C0F41AE71DCE0008C943 /* posInfSurf.c */ = {isa = PBXFileReference; fileEncoding = 4; lastKnownFileType = sourcecode.c.c; path = posInfSurf.c; sourceTree = "<group>"; };
		8C30C0F51AE71DCE0008C943 /* sliceFunctions.c */ = {isa = PBXFileReference; fileEncoding = 4; lastKnownFileType = sourcecode.c.c; path = sliceFunctions.c; sourceTree = "<group>"; };
		8C30C0F61AE71DCE0008C943 /* v1DsubMod.c */ = {isa = PBXFileReference; fileEncoding = 4; lastKnownFileType = sourcecode.c.c; path = v1DsubMod.c; sourceTree = "<group>"; };
		8C30C0F71AE71DCE0008C943 /* writeCVMData.c */ = {isa = PBXFileReference; fileEncoding = 4; lastKnownFileType = sourcecode.c.c; path = writeCVMData.c; sourceTree = "<group>"; };
		8C30C0F81AE71DCE0008C943 /* writeLatLonData.c */ = {isa = PBXFileReference; fileEncoding = 4; lastKnownFileType = sourcecode.c.c; path = writeLatLonData.c; sourceTree = "<group>"; };
		8C30C1251AE8C6FC0008C943 /* BrocherCorrelations.c */ = {isa = PBXFileReference; fileEncoding = 4; lastKnownFileType = sourcecode.c.c; path = BrocherCorrelations.c; sourceTree = "<group>"; };
		8C30C1271AE8DE330008C943 /* Holder */ = {isa = PBXFileReference; lastKnownFileType = text; path = Holder; sourceTree = "<group>"; };
		8C30C1281AE8DE330008C943 /* Make */ = {isa = PBXFileReference; lastKnownFileType = text; path = Make; sourceTree = "<group>"; };
		8C30C1291AE9B9810008C943 /* Build */ = {isa = PBXFileReference; lastKnownFileType = text; path = Build; sourceTree = "<group>"; };
		8C57A0E41B1D7A0700AB096A /* findClosestPoint.c */ = {isa = PBXFileReference; fileEncoding = 4; lastKnownFileType = sourcecode.c.c; path = findClosestPoint.c; sourceTree = "<group>"; };
		8CC060621B38DCF50008865B /* writeLogFiles.c */ = {isa = PBXFileReference; fileEncoding = 4; lastKnownFileType = sourcecode.c.c; path = writeLogFiles.c; sourceTree = "<group>"; };
		8CC060641B38F2270008865B /* readSliceParameters.c */ = {isa = PBXFileReference; fileEncoding = 4; lastKnownFileType = sourcecode.c.c; path = readSliceParameters.c; sourceTree = "<group>"; };
		8CCF2F7D1B005DB700ED990E /* writeGridPoints.c */ = {isa = PBXFileReference; fileEncoding = 4; lastKnownFileType = sourcecode.c.c; path = writeGridPoints.c; sourceTree = "<group>"; };
/* End PBXFileReference section */

/* Begin PBXFrameworksBuildPhase section */
		8C1F225F1952831A00D51835 /* Frameworks */ = {
			isa = PBXFrameworksBuildPhase;
			buildActionMask = 2147483647;
			files = (
			);
			runOnlyForDeploymentPostprocessing = 0;
		};
/* End PBXFrameworksBuildPhase section */

/* Begin PBXGroup section */
		8C1F22591952831A00D51835 = {
			isa = PBXGroup;
			children = (
				8C30C1241AE737410008C943 /* Primary */,
				8C30C1231AE736C00008C943 /* General */,
				8C30C1221AE7367A0008C943 /* Canterbury Basin */,
				8C30C1211AE7361B0008C943 /* Global Surfaces */,
				8C30C1201AE735EC0008C943 /* Extraction and Plotting */,
				8C30C11F1AE735C30008C943 /* Velocity Sub-Models */,
				8C30C11E1AE733C40008C943 /* File I/O */,
				8C30C11D1AE71E000008C943 /* Headers */,
				8C1F22631952831A00D51835 /* Products */,
				8C30C1271AE8DE330008C943 /* Holder */,
				8C30C1281AE8DE330008C943 /* Make */,
				8C30C1291AE9B9810008C943 /* Build */,
			);
			sourceTree = "<group>";
		};
		8C1F22631952831A00D51835 /* Products */ = {
			isa = PBXGroup;
			children = (
				8C1F22621952831A00D51835 /* CVMversions */,
			);
			name = Products;
			sourceTree = "<group>";
		};
		8C30C11D1AE71E000008C943 /* Headers */ = {
			isa = PBXGroup;
			children = (
				8C19E2A91B09AADD0076C619 /* constants.h */,
				8C19E2AA1B09AADD0076C619 /* functions.h */,
				8C19E2AB1B09AADD0076C619 /* structs.h */,
			);
			name = Headers;
			sourceTree = "<group>";
		};
		8C30C11E1AE733C40008C943 /* File I/O */ = {
			isa = PBXGroup;
			children = (
				8C30C0F71AE71DCE0008C943 /* writeCVMData.c */,
				8C30C0F81AE71DCE0008C943 /* writeLatLonData.c */,
				8CCF2F7D1B005DB700ED990E /* writeGridPoints.c */,
			);
			name = "File I/O";
			sourceTree = "<group>";
		};
		8C30C11F1AE735C30008C943 /* Velocity Sub-Models */ = {
			isa = PBXGroup;
			children = (
				8C30C0E91AE71DCE0008C943 /* load1dVeloSubModel.c */,
				8C30C0F01AE71DCE0008C943 /* NaNsubMod.c */,
				8C30C0DF1AE71DCE0008C943 /* EPtomo2010subMod.c */,
				8C30C0F61AE71DCE0008C943 /* v1DsubMod.c */,
			);
			name = "Velocity Sub-Models";
			sourceTree = "<group>";
		};
		8C30C1201AE735EC0008C943 /* Extraction and Plotting */ = {
			isa = PBXGroup;
			children = (
				8C30C0F51AE71DCE0008C943 /* sliceFunctions.c */,
				8C30C0F21AE71DCE0008C943 /* plotExtracts.c */,
				8C30C0E41AE71DCE0008C943 /* generateProfile.c */,
				8C30C0E21AE71DCE0008C943 /* generateLatLonForPlotting.c */,
			);
			name = "Extraction and Plotting";
			sourceTree = "<group>";
		};
		8C30C1211AE7361B0008C943 /* Global Surfaces */ = {
			isa = PBXGroup;
			children = (
				8C30C0F41AE71DCE0008C943 /* posInfSurf.c */,
				8C30C0F11AE71DCE0008C943 /* negInfSurf.c */,
				8C30C0D91AE71DCE0008C943 /* basementRockSurf.c */,
			);
			name = "Global Surfaces";
			sourceTree = "<group>";
		};
		8C30C1221AE7367A0008C943 /* Canterbury Basin */ = {
			isa = PBXGroup;
			children = (
				8C30C0EA1AE71DCE0008C943 /* loadBasins.c */,
				8C30C0EC1AE71DCE0008C943 /* loadCanterburyBasin.c */,
				8C30C0EB1AE71DCE0008C943 /* loadBoundary.c */,
				8C30C0DC1AE71DCE0008C943 /* determineIfWithinBasinLatLon.c */,
				8C30C0DA1AE71DCE0008C943 /* basinSubModels.c */,
			);
			name = "Canterbury Basin";
			sourceTree = "<group>";
		};
		8C30C1231AE736C00008C943 /* General */ = {
			isa = PBXGroup;
			children = (
				8CC060621B38DCF50008865B /* writeLogFiles.c */,
				8C30C0E61AE71DCE0008C943 /* getSurfaceValues.c */,
				8C30C1251AE8C6FC0008C943 /* BrocherCorrelations.c */,
				8C30C0E51AE71DCE0008C943 /* generateSurfaceVectors.c */,
				8C30C0E31AE71DCE0008C943 /* generateModelGrid.c */,
				8C30C0E11AE71DCE0008C943 /* findSubVeloModelInd.c */,
				8C30C0DE1AE71DCE0008C943 /* enforceSurfaceDepths.c */,
				8C30C0DD1AE71DCE0008C943 /* determineSurfaceDepths.c */,
				8C30C0DB1AE71DCE0008C943 /* calculateSurfaceLatLonIndex.c */,
				8CC060641B38F2270008865B /* readSliceParameters.c */,
				8C30C0E01AE71DCE0008C943 /* findAdjacentPoints.c */,
				8C57A0E41B1D7A0700AB096A /* findClosestPoint.c */,
				8C30C0E81AE71DCE0008C943 /* linearInterpolation.c */,
				8C30C0ED1AE71DCE0008C943 /* loadSurface.c */,
				8C30C0EF1AE71DCE0008C943 /* mathFunctions.c */,
				8C30C0F31AE71DCE0008C943 /* pointInPoly.c */,
			);
			name = General;
			sourceTree = "<group>";
		};
		8C30C1241AE737410008C943 /* Primary */ = {
			isa = PBXGroup;
			children = (
				8C30C0E71AE71DCE0008C943 /* getSurfSubModNames.c */,
				8C30C0D81AE71DCE0008C943 /* assignValues.c */,
				8C30C0EE1AE71DCE0008C943 /* main.c */,
			);
			name = Primary;
			sourceTree = "<group>";
		};
/* End PBXGroup section */

/* Begin PBXNativeTarget section */
		8C1F22611952831A00D51835 /* CVMversions */ = {
			isa = PBXNativeTarget;
			buildConfigurationList = 8C1F226B1952831A00D51835 /* Build configuration list for PBXNativeTarget "CVMversions" */;
			buildPhases = (
				8C1F225E1952831A00D51835 /* Sources */,
				8C1F225F1952831A00D51835 /* Frameworks */,
				8C1F22601952831A00D51835 /* CopyFiles */,
			);
			buildRules = (
			);
			dependencies = (
			);
			name = CVMversions;
			productName = CVMversions;
			productReference = 8C1F22621952831A00D51835 /* CVMversions */;
			productType = "com.apple.product-type.tool";
		};
/* End PBXNativeTarget section */

/* Begin PBXProject section */
		8C1F225A1952831A00D51835 /* Project object */ = {
			isa = PBXProject;
			attributes = {
				LastUpgradeCheck = 0730;
				ORGANIZATIONNAME = "Dept. Civil Engineering";
			};
			buildConfigurationList = 8C1F225D1952831A00D51835 /* Build configuration list for PBXProject "Velocity_Model-UCGMSIM" */;
			compatibilityVersion = "Xcode 3.2";
			developmentRegion = English;
			hasScannedForEncodings = 0;
			knownRegions = (
				en,
			);
			mainGroup = 8C1F22591952831A00D51835;
			productRefGroup = 8C1F22631952831A00D51835 /* Products */;
			projectDirPath = "";
			projectRoot = "";
			targets = (
				8C1F22611952831A00D51835 /* CVMversions */,
			);
		};
/* End PBXProject section */

/* Begin PBXSourcesBuildPhase section */
		8C1F225E1952831A00D51835 /* Sources */ = {
			isa = PBXSourcesBuildPhase;
			buildActionMask = 2147483647;
			files = (
				8CC060651B38F2270008865B /* readSliceParameters.c in Sources */,
				8CCF2F7E1B005DB700ED990E /* writeGridPoints.c in Sources */,
				8C30C0F91AE71DCE0008C943 /* assignValues.c in Sources */,
				8C30C1151AE71DCE0008C943 /* posInfSurf.c in Sources */,
				8C30C10A1AE71DCE0008C943 /* load1dVeloSubModel.c in Sources */,
				8C30C1121AE71DCE0008C943 /* negInfSurf.c in Sources */,
				8C30C1141AE71DCE0008C943 /* pointInPoly.c in Sources */,
				8C30C0FB1AE71DCE0008C943 /* basinSubModels.c in Sources */,
				8C30C1101AE71DCE0008C943 /* mathFunctions.c in Sources */,
				8C30C10C1AE71DCE0008C943 /* loadBoundary.c in Sources */,
				8C30C1191AE71DCE0008C943 /* writeLatLonData.c in Sources */,
				8C30C10F1AE71DCE0008C943 /* main.c in Sources */,
				8C30C1041AE71DCE0008C943 /* generateModelGrid.c in Sources */,
				8C30C1181AE71DCE0008C943 /* writeCVMData.c in Sources */,
				8C30C1161AE71DCE0008C943 /* sliceFunctions.c in Sources */,
				8C30C1081AE71DCE0008C943 /* getSurfSubModNames.c in Sources */,
				8C30C0FD1AE71DCE0008C943 /* determineIfWithinBasinLatLon.c in Sources */,
				8C30C1261AE8C6FC0008C943 /* BrocherCorrelations.c in Sources */,
				8C30C1171AE71DCE0008C943 /* v1DsubMod.c in Sources */,
				8C30C0FA1AE71DCE0008C943 /* basementRockSurf.c in Sources */,
				8C30C10B1AE71DCE0008C943 /* loadBasins.c in Sources */,
				8CC060631B38DCF50008865B /* writeLogFiles.c in Sources */,
				8C30C1001AE71DCE0008C943 /* EPtomo2010subMod.c in Sources */,
				8C30C1071AE71DCE0008C943 /* getSurfaceValues.c in Sources */,
				8C30C1131AE71DCE0008C943 /* plotExtracts.c in Sources */,
				8C30C1091AE71DCE0008C943 /* linearInterpolation.c in Sources */,
				8C30C1031AE71DCE0008C943 /* generateLatLonForPlotting.c in Sources */,
				8C30C0FC1AE71DCE0008C943 /* calculateSurfaceLatLonIndex.c in Sources */,
				8C30C1111AE71DCE0008C943 /* NaNsubMod.c in Sources */,
				8C30C0FF1AE71DCE0008C943 /* enforceSurfaceDepths.c in Sources */,
				8C30C1011AE71DCE0008C943 /* findAdjacentPoints.c in Sources */,
				8C30C1051AE71DCE0008C943 /* generateProfile.c in Sources */,
				8C30C10E1AE71DCE0008C943 /* loadSurface.c in Sources */,
				8C30C10D1AE71DCE0008C943 /* loadCanterburyBasin.c in Sources */,
				8C30C0FE1AE71DCE0008C943 /* determineSurfaceDepths.c in Sources */,
				8C30C1021AE71DCE0008C943 /* findSubVeloModelInd.c in Sources */,
				8C57A0E51B1D7A0700AB096A /* findClosestPoint.c in Sources */,
				8C30C1061AE71DCE0008C943 /* generateSurfaceVectors.c in Sources */,
			);
			runOnlyForDeploymentPostprocessing = 0;
		};
/* End PBXSourcesBuildPhase section */

/* Begin XCBuildConfiguration section */
		8C1F22691952831A00D51835 /* Debug */ = {
			isa = XCBuildConfiguration;
			buildSettings = {
				ALWAYS_SEARCH_USER_PATHS = NO;
				CLANG_CXX_LANGUAGE_STANDARD = "gnu++0x";
				CLANG_CXX_LIBRARY = "libc++";
				CLANG_ENABLE_MODULES = YES;
				CLANG_ENABLE_OBJC_ARC = YES;
				CLANG_WARN_BOOL_CONVERSION = YES;
				CLANG_WARN_CONSTANT_CONVERSION = YES;
				CLANG_WARN_DIRECT_OBJC_ISA_USAGE = YES_ERROR;
				CLANG_WARN_EMPTY_BODY = YES;
				CLANG_WARN_ENUM_CONVERSION = YES;
				CLANG_WARN_INT_CONVERSION = YES;
				CLANG_WARN_OBJC_ROOT_CLASS = YES_ERROR;
				CLANG_WARN__DUPLICATE_METHOD_MATCH = YES;
				COPY_PHASE_STRIP = NO;
				GCC_C_LANGUAGE_STANDARD = gnu99;
				GCC_DYNAMIC_NO_PIC = NO;
				GCC_ENABLE_OBJC_EXCEPTIONS = YES;
				GCC_OPTIMIZATION_LEVEL = 0;
				GCC_PREPROCESSOR_DEFINITIONS = (
					"DEBUG=1",
					"$(inherited)",
				);
				GCC_SYMBOLS_PRIVATE_EXTERN = NO;
				GCC_WARN_64_TO_32_BIT_CONVERSION = YES;
				GCC_WARN_ABOUT_RETURN_TYPE = YES_ERROR;
				GCC_WARN_PEDANTIC = YES;
				GCC_WARN_UNDECLARED_SELECTOR = YES;
				GCC_WARN_UNINITIALIZED_AUTOS = YES_AGGRESSIVE;
				GCC_WARN_UNUSED_FUNCTION = YES;
				GCC_WARN_UNUSED_VARIABLE = YES;
				MACOSX_DEPLOYMENT_TARGET = 10.9;
				ONLY_ACTIVE_ARCH = YES;
				"OTHER_LDFLAGS[arch=*]" = (
					"-Wl,-stack_size",
					"-Wl,0x10000000",
				);
				SDKROOT = macosx;
			};
			name = Debug;
		};
		8C1F226A1952831A00D51835 /* Release */ = {
			isa = XCBuildConfiguration;
			buildSettings = {
				ALWAYS_SEARCH_USER_PATHS = NO;
				CLANG_CXX_LANGUAGE_STANDARD = "gnu++0x";
				CLANG_CXX_LIBRARY = "libc++";
				CLANG_ENABLE_MODULES = YES;
				CLANG_ENABLE_OBJC_ARC = YES;
				CLANG_WARN_BOOL_CONVERSION = YES;
				CLANG_WARN_CONSTANT_CONVERSION = YES;
				CLANG_WARN_DIRECT_OBJC_ISA_USAGE = YES_ERROR;
				CLANG_WARN_EMPTY_BODY = YES;
				CLANG_WARN_ENUM_CONVERSION = YES;
				CLANG_WARN_INT_CONVERSION = YES;
				CLANG_WARN_OBJC_ROOT_CLASS = YES_ERROR;
				CLANG_WARN__DUPLICATE_METHOD_MATCH = YES;
				COPY_PHASE_STRIP = YES;
				DEBUG_INFORMATION_FORMAT = "dwarf-with-dsym";
				ENABLE_NS_ASSERTIONS = NO;
				GCC_C_LANGUAGE_STANDARD = gnu99;
				GCC_ENABLE_OBJC_EXCEPTIONS = YES;
				GCC_WARN_64_TO_32_BIT_CONVERSION = YES;
				GCC_WARN_ABOUT_RETURN_TYPE = YES_ERROR;
				GCC_WARN_PEDANTIC = YES;
				GCC_WARN_UNDECLARED_SELECTOR = YES;
				GCC_WARN_UNINITIALIZED_AUTOS = YES_AGGRESSIVE;
				GCC_WARN_UNUSED_FUNCTION = YES;
				GCC_WARN_UNUSED_VARIABLE = YES;
				MACOSX_DEPLOYMENT_TARGET = 10.9;
				SDKROOT = macosx;
			};
			name = Release;
		};
		8C1F226C1952831A00D51835 /* Debug */ = {
			isa = XCBuildConfiguration;
			buildSettings = {
				PRODUCT_NAME = "$(TARGET_NAME)";
			};
			name = Debug;
		};
		8C1F226D1952831A00D51835 /* Release */ = {
			isa = XCBuildConfiguration;
			buildSettings = {
				PRODUCT_NAME = "$(TARGET_NAME)";
			};
			name = Release;
		};
/* End XCBuildConfiguration section */

/* Begin XCConfigurationList section */
		8C1F225D1952831A00D51835 /* Build configuration list for PBXProject "Velocity_Model-UCGMSIM" */ = {
			isa = XCConfigurationList;
			buildConfigurations = (
				8C1F22691952831A00D51835 /* Debug */,
				8C1F226A1952831A00D51835 /* Release */,
			);
			defaultConfigurationIsVisible = 0;
			defaultConfigurationName = Release;
		};
		8C1F226B1952831A00D51835 /* Build configuration list for PBXNativeTarget "CVMversions" */ = {
			isa = XCConfigurationList;
			buildConfigurations = (
				8C1F226C1952831A00D51835 /* Debug */,
				8C1F226D1952831A00D51835 /* Release */,
			);
			defaultConfigurationIsVisible = 0;
			defaultConfigurationName = Release;
		};
/* End XCConfigurationList section */
	};
	rootObject = 8C1F225A1952831A00D51835 /* Project object */;
}
